
Microsoft Visual Studio Solution File, Format Version 12.00
# Visual Studio 15
VisualStudioVersion = 15.0.28307.168
MinimumVisualStudioVersion = 10.0.40219.1
Project("{888888A0-9F3D-457C-B088-3A5042F75D52}") = "rotateImage", "rotateImage\rotateImage.pyproj", "{818D9089-ED93-46CE-BB21-1AA759CE17B6}"
EndProject
Global
	GlobalSection(SolutionConfigurationPlatforms) = preSolution
		Debug|Any CPU = Debug|Any CPU
		Release|Any CPU = Release|Any CPU
	EndGlobalSection
	GlobalSection(ProjectConfigurationPlatforms) = postSolution
		{818D9089-ED93-46CE-BB21-1AA759CE17B6}.Debug|Any CPU.ActiveCfg = Debug|Any CPU
		{818D9089-ED93-46CE-BB21-1AA759CE17B6}.Release|Any CPU.ActiveCfg = Release|Any CPU
	EndGlobalSection
	GlobalSection(SolutionProperties) = preSolution
		HideSolutionNode = FALSE
	EndGlobalSection
	GlobalSection(ExtensibilityGlobals) = postSolution
		SolutionGuid = {80669B0A-1E6F-4F02-A03F-6FD3F6E61257}
	EndGlobalSection
EndGlobal
