
Microsoft Visual Studio Solution File, Format Version 12.00
# Visual Studio 15
VisualStudioVersion = 15.0.28307.168
MinimumVisualStudioVersion = 10.0.40219.1
Project("{888888A0-9F3D-457C-B088-3A5042F75D52}") = "CoordinateOrdering", "CoordinateOrdering\CoordinateOrdering.pyproj", "{52759E46-B85A-4F01-8CAE-A94BBD83F3E8}"
EndProject
Global
	GlobalSection(SolutionConfigurationPlatforms) = preSolution
		Debug|Any CPU = Debug|Any CPU
		Release|Any CPU = Release|Any CPU
	EndGlobalSection
	GlobalSection(ProjectConfigurationPlatforms) = postSolution
		{52759E46-B85A-4F01-8CAE-A94BBD83F3E8}.Debug|Any CPU.ActiveCfg = Debug|Any CPU
		{52759E46-B85A-4F01-8CAE-A94BBD83F3E8}.Release|Any CPU.ActiveCfg = Release|Any CPU
	EndGlobalSection
	GlobalSection(SolutionProperties) = preSolution
		HideSolutionNode = FALSE
	EndGlobalSection
	GlobalSection(ExtensibilityGlobals) = postSolution
		SolutionGuid = {B30AAFB7-F471-4629-8C77-86161503708C}
	EndGlobalSection
EndGlobal
